// !$*UTF8*$!
{
	archiveVersion = 1;
	classes = {
	};
	objectVersion = 77;
	objects = {

/* Begin PBXBuildFile section */
		1E9E5EAB2ED1F898009E7310 /* CryptoSwift in Frameworks */ = {isa = PBXBuildFile; productRef = 1E9E5EAA2ED1F898009E7310 /* CryptoSwift */; };
		1E9E5F462ED20CAD009E7310 /* ReownAppKit in Frameworks */ = {isa = PBXBuildFile; productRef = 1E9E5F452ED20CAD009E7310 /* ReownAppKit */; };
		1E9E5F482ED20CAD009E7310 /* ReownAppKitUI in Frameworks */ = {isa = PBXBuildFile; productRef = 1E9E5F472ED20CAD009E7310 /* ReownAppKitUI */; };
		1E9E5F4A2ED20CAD009E7310 /* ReownRouter in Frameworks */ = {isa = PBXBuildFile; productRef = 1E9E5F492ED20CAD009E7310 /* ReownRouter */; };
		1E9E5F4C2ED20CAD009E7310 /* ReownWalletKit in Frameworks */ = {isa = PBXBuildFile; productRef = 1E9E5F4B2ED20CAD009E7310 /* ReownWalletKit */; };
		1E9E5F4E2ED20CAD009E7310 /* WalletConnect in Frameworks */ = {isa = PBXBuildFile; productRef = 1E9E5F4D2ED20CAD009E7310 /* WalletConnect */; };
/* End PBXBuildFile section */

/* Begin PBXContainerItemProxy section */
		1E9E5E0A2ED1F4ED009E7310 /* PBXContainerItemProxy */ = {
			isa = PBXContainerItemProxy;
			containerPortal = 1E9E5DF42ED1F4EC009E7310 /* Project object */;
			proxyType = 1;
			remoteGlobalIDString = 1E9E5DFB2ED1F4EC009E7310;
			remoteInfo = Askme;
		};
		1E9E5E142ED1F4ED009E7310 /* PBXContainerItemProxy */ = {
			isa = PBXContainerItemProxy;
			containerPortal = 1E9E5DF42ED1F4EC009E7310 /* Project object */;
			proxyType = 1;
			remoteGlobalIDString = 1E9E5DFB2ED1F4EC009E7310;
			remoteInfo = Askme;
		};
/* End PBXContainerItemProxy section */

/* Begin PBXFileReference section */
		1E9E5DFC2ED1F4EC009E7310 /* Askme.app */ = {isa = PBXFileReference; explicitFileType = wrapper.application; includeInIndex = 0; path = Askme.app; sourceTree = BUILT_PRODUCTS_DIR; };
		1E9E5E092ED1F4ED009E7310 /* AskmeTests.xctest */ = {isa = PBXFileReference; explicitFileType = wrapper.cfbundle; includeInIndex = 0; path = AskmeTests.xctest; sourceTree = BUILT_PRODUCTS_DIR; };
		1E9E5E132ED1F4ED009E7310 /* AskmeUITests.xctest */ = {isa = PBXFileReference; explicitFileType = wrapper.cfbundle; includeInIndex = 0; path = AskmeUITests.xctest; sourceTree = BUILT_PRODUCTS_DIR; };
/* End PBXFileReference section */

/* Begin PBXFileSystemSynchronizedRootGroup section */
		1E9E5DFE2ED1F4EC009E7310 /* Askme */ = {
			isa = PBXFileSystemSynchronizedRootGroup;
			path = Askme;
			sourceTree = "<group>";
		};
		1E9E5E0C2ED1F4ED009E7310 /* AskmeTests */ = {
			isa = PBXFileSystemSynchronizedRootGroup;
			path = AskmeTests;
			sourceTree = "<group>";
		};
		1E9E5E162ED1F4ED009E7310 /* AskmeUITests */ = {
			isa = PBXFileSystemSynchronizedRootGroup;
			path = AskmeUITests;
			sourceTree = "<group>";
		};
/* End PBXFileSystemSynchronizedRootGroup section */

/* Begin PBXFrameworksBuildPhase section */
		1E9E5DF92ED1F4EC009E7310 /* Frameworks */ = {
			isa = PBXFrameworksBuildPhase;
			buildActionMask = 2147483647;
			files = (
				1E9E5EAB2ED1F898009E7310 /* CryptoSwift in Frameworks */,
				1E9E5F462ED20CAD009E7310 /* ReownAppKit in Frameworks */,
				1E9E5F4E2ED20CAD009E7310 /* WalletConnect in Frameworks */,
				1E9E5F482ED20CAD009E7310 /* ReownAppKitUI in Frameworks */,
				1E9E5F4C2ED20CAD009E7310 /* ReownWalletKit in Frameworks */,
				1E9E5F4A2ED20CAD009E7310 /* ReownRouter in Frameworks */,
			);
			runOnlyForDeploymentPostprocessing = 0;
		};
		1E9E5E062ED1F4ED009E7310 /* Frameworks */ = {
			isa = PBXFrameworksBuildPhase;
			buildActionMask = 2147483647;
			files = (
			);
			runOnlyForDeploymentPostprocessing = 0;
		};
		1E9E5E102ED1F4ED009E7310 /* Frameworks */ = {
			isa = PBXFrameworksBuildPhase;
			buildActionMask = 2147483647;
			files = (
			);
			runOnlyForDeploymentPostprocessing = 0;
		};
/* End PBXFrameworksBuildPhase section */

/* Begin PBXGroup section */
		1E9E5DF32ED1F4EC009E7310 = {
			isa = PBXGroup;
			children = (
				1E9E5DFE2ED1F4EC009E7310 /* Askme */,
				1E9E5E0C2ED1F4ED009E7310 /* AskmeTests */,
				1E9E5E162ED1F4ED009E7310 /* AskmeUITests */,
				1E9E5EA92ED1F898009E7310 /* Frameworks */,
				1E9E5DFD2ED1F4EC009E7310 /* Products */,
			);
			sourceTree = "<group>";
		};
		1E9E5DFD2ED1F4EC009E7310 /* Products */ = {
			isa = PBXGroup;
			children = (
				1E9E5DFC2ED1F4EC009E7310 /* Askme.app */,
				1E9E5E092ED1F4ED009E7310 /* AskmeTests.xctest */,
				1E9E5E132ED1F4ED009E7310 /* AskmeUITests.xctest */,
			);
			name = Products;
			sourceTree = "<group>";
		};
		1E9E5EA92ED1F898009E7310 /* Frameworks */ = {
			isa = PBXGroup;
			children = (
			);
			name = Frameworks;
			sourceTree = "<group>";
		};
/* End PBXGroup section */

/* Begin PBXNativeTarget section */
		1E9E5DFB2ED1F4EC009E7310 /* Askme */ = {
			isa = PBXNativeTarget;
			buildConfigurationList = 1E9E5E1D2ED1F4ED009E7310 /* Build configuration list for PBXNativeTarget "Askme" */;
			buildPhases = (
				1E9E5DF82ED1F4EC009E7310 /* Sources */,
				1E9E5DF92ED1F4EC009E7310 /* Frameworks */,
				1E9E5DFA2ED1F4EC009E7310 /* Resources */,
			);
			buildRules = (
			);
			dependencies = (
			);
			fileSystemSynchronizedGroups = (
				1E9E5DFE2ED1F4EC009E7310 /* Askme */,
			);
			name = Askme;
			packageProductDependencies = (
				1E9E5EAA2ED1F898009E7310 /* CryptoSwift */,
				1E9E5F452ED20CAD009E7310 /* ReownAppKit */,
				1E9E5F472ED20CAD009E7310 /* ReownAppKitUI */,
				1E9E5F492ED20CAD009E7310 /* ReownRouter */,
				1E9E5F4B2ED20CAD009E7310 /* ReownWalletKit */,
				1E9E5F4D2ED20CAD009E7310 /* WalletConnect */,
			);
			productName = Askme;
			productReference = 1E9E5DFC2ED1F4EC009E7310 /* Askme.app */;
			productType = "com.apple.product-type.application";
		};
		1E9E5E082ED1F4ED009E7310 /* AskmeTests */ = {
			isa = PBXNativeTarget;
			buildConfigurationList = 1E9E5E202ED1F4ED009E7310 /* Build configuration list for PBXNativeTarget "AskmeTests" */;
			buildPhases = (
				1E9E5E052ED1F4ED009E7310 /* Sources */,
				1E9E5E062ED1F4ED009E7310 /* Frameworks */,
				1E9E5E072ED1F4ED009E7310 /* Resources */,
			);
			buildRules = (
			);
			dependencies = (
				1E9E5E0B2ED1F4ED009E7310 /* PBXTargetDependency */,
			);
			fileSystemSynchronizedGroups = (
				1E9E5E0C2ED1F4ED009E7310 /* AskmeTests */,
			);
			name = AskmeTests;
			packageProductDependencies = (
			);
			productName = AskmeTests;
			productReference = 1E9E5E092ED1F4ED009E7310 /* AskmeTests.xctest */;
			productType = "com.apple.product-type.bundle.unit-test";
		};
		1E9E5E122ED1F4ED009E7310 /* AskmeUITests */ = {
			isa = PBXNativeTarget;
			buildConfigurationList = 1E9E5E232ED1F4ED009E7310 /* Build configuration list for PBXNativeTarget "AskmeUITests" */;
			buildPhases = (
				1E9E5E0F2ED1F4ED009E7310 /* Sources */,
				1E9E5E102ED1F4ED009E7310 /* Frameworks */,
				1E9E5E112ED1F4ED009E7310 /* Resources */,
			);
			buildRules = (
			);
			dependencies = (
				1E9E5E152ED1F4ED009E7310 /* PBXTargetDependency */,
			);
			fileSystemSynchronizedGroups = (
				1E9E5E162ED1F4ED009E7310 /* AskmeUITests */,
			);
			name = AskmeUITests;
			packageProductDependencies = (
			);
			productName = AskmeUITests;
			productReference = 1E9E5E132ED1F4ED009E7310 /* AskmeUITests.xctest */;
			productType = "com.apple.product-type.bundle.ui-testing";
		};
/* End PBXNativeTarget section */

/* Begin PBXProject section */
		1E9E5DF42ED1F4EC009E7310 /* Project object */ = {
			isa = PBXProject;
			attributes = {
				BuildIndependentTargetsInParallel = 1;
				LastSwiftUpdateCheck = 2610;
				LastUpgradeCheck = 2610;
				TargetAttributes = {
					1E9E5DFB2ED1F4EC009E7310 = {
						CreatedOnToolsVersion = 26.1.1;
					};
					1E9E5E082ED1F4ED009E7310 = {
						CreatedOnToolsVersion = 26.1.1;
						TestTargetID = 1E9E5DFB2ED1F4EC009E7310;
					};
					1E9E5E122ED1F4ED009E7310 = {
						CreatedOnToolsVersion = 26.1.1;
						TestTargetID = 1E9E5DFB2ED1F4EC009E7310;
					};
				};
			};
			buildConfigurationList = 1E9E5DF72ED1F4EC009E7310 /* Build configuration list for PBXProject "Askme" */;
			developmentRegion = en;
			hasScannedForEncodings = 0;
			knownRegions = (
				en,
				Base,
			);
			mainGroup = 1E9E5DF32ED1F4EC009E7310;
			minimizedProjectReferenceProxies = 1;
			packageReferences = (
				1E9E5EA82ED1F80B009E7310 /* XCRemoteSwiftPackageReference "CryptoSwift" */,
				1E9E5F442ED20CAD009E7310 /* XCRemoteSwiftPackageReference "reown-swift" */,
			);
			preferredProjectObjectVersion = 77;
			productRefGroup = 1E9E5DFD2ED1F4EC009E7310 /* Products */;
			projectDirPath = "";
			projectRoot = "";
			targets = (
				1E9E5DFB2ED1F4EC009E7310 /* Askme */,
				1E9E5E082ED1F4ED009E7310 /* AskmeTests */,
				1E9E5E122ED1F4ED009E7310 /* AskmeUITests */,
			);
		};
/* End PBXProject section */

/* Begin PBXResourcesBuildPhase section */
		1E9E5DFA2ED1F4EC009E7310 /* Resources */ = {
			isa = PBXResourcesBuildPhase;
			buildActionMask = 2147483647;
			files = (
			);
			runOnlyForDeploymentPostprocessing = 0;
		};
		1E9E5E072ED1F4ED009E7310 /* Resources */ = {
			isa = PBXResourcesBuildPhase;
			buildActionMask = 2147483647;
			files = (
			);
			runOnlyForDeploymentPostprocessing = 0;
		};
		1E9E5E112ED1F4ED009E7310 /* Resources */ = {
			isa = PBXResourcesBuildPhase;
			buildActionMask = 2147483647;
			files = (
			);
			runOnlyForDeploymentPostprocessing = 0;
		};
/* End PBXResourcesBuildPhase section */

/* Begin PBXSourcesBuildPhase section */
		1E9E5DF82ED1F4EC009E7310 /* Sources */ = {
			isa = PBXSourcesBuildPhase;
			buildActionMask = 2147483647;
			files = (
			);
			runOnlyForDeploymentPostprocessing = 0;
		};
		1E9E5E052ED1F4ED009E7310 /* Sources */ = {
			isa = PBXSourcesBuildPhase;
			buildActionMask = 2147483647;
			files = (
			);
			runOnlyForDeploymentPostprocessing = 0;
		};
		1E9E5E0F2ED1F4ED009E7310 /* Sources */ = {
			isa = PBXSourcesBuildPhase;
			buildActionMask = 2147483647;
			files = (
			);
			runOnlyForDeploymentPostprocessing = 0;
		};
/* End PBXSourcesBuildPhase section */

/* Begin PBXTargetDependency section */
		1E9E5E0B2ED1F4ED009E7310 /* PBXTargetDependency */ = {
			isa = PBXTargetDependency;
			target = 1E9E5DFB2ED1F4EC009E7310 /* Askme */;
			targetProxy = 1E9E5E0A2ED1F4ED009E7310 /* PBXContainerItemProxy */;
		};
		1E9E5E152ED1F4ED009E7310 /* PBXTargetDependency */ = {
			isa = PBXTargetDependency;
			target = 1E9E5DFB2ED1F4EC009E7310 /* Askme */;
			targetProxy = 1E9E5E142ED1F4ED009E7310 /* PBXContainerItemProxy */;
		};
/* End PBXTargetDependency section */

/* Begin XCBuildConfiguration section */
		1E9E5E1B2ED1F4ED009E7310 /* Debug */ = {
			isa = XCBuildConfiguration;
			buildSettings = {
				ALWAYS_SEARCH_USER_PATHS = NO;
				ASSETCATALOG_COMPILER_GENERATE_SWIFT_ASSET_SYMBOL_EXTENSIONS = YES;
				CLANG_ANALYZER_NONNULL = YES;
				CLANG_ANALYZER_NUMBER_OBJECT_CONVERSION = YES_AGGRESSIVE;
				CLANG_CXX_LANGUAGE_STANDARD = "gnu++20";
				CLANG_ENABLE_MODULES = YES;
				CLANG_ENABLE_OBJC_ARC = YES;
				CLANG_ENABLE_OBJC_WEAK = YES;
				CLANG_WARN_BLOCK_CAPTURE_AUTORELEASING = YES;
				CLANG_WARN_BOOL_CONVERSION = YES;
				CLANG_WARN_COMMA = YES;
				CLANG_WARN_CONSTANT_CONVERSION = YES;
				CLANG_WARN_DEPRECATED_OBJC_IMPLEMENTATIONS = YES;
				CLANG_WARN_DIRECT_OBJC_ISA_USAGE = YES_ERROR;
				CLANG_WARN_DOCUMENTATION_COMMENTS = YES;
				CLANG_WARN_EMPTY_BODY = YES;
				CLANG_WARN_ENUM_CONVERSION = YES;
				CLANG_WARN_INFINITE_RECURSION = YES;
				CLANG_WARN_INT_CONVERSION = YES;
				CLANG_WARN_NON_LITERAL_NULL_CONVERSION = YES;
				CLANG_WARN_OBJC_IMPLICIT_RETAIN_SELF = YES;
				CLANG_WARN_OBJC_LITERAL_CONVERSION = YES;
				CLANG_WARN_OBJC_ROOT_CLASS = YES_ERROR;
				CLANG_WARN_QUOTED_INCLUDE_IN_FRAMEWORK_HEADER = YES;
				CLANG_WARN_RANGE_LOOP_ANALYSIS = YES;
				CLANG_WARN_STRICT_PROTOTYPES = YES;
				CLANG_WARN_SUSPICIOUS_MOVE = YES;
				CLANG_WARN_UNGUARDED_AVAILABILITY = YES_AGGRESSIVE;
				CLANG_WARN_UNREACHABLE_CODE = YES;
				CLANG_WARN__DUPLICATE_METHOD_MATCH = YES;
				COPY_PHASE_STRIP = NO;
				DEBUG_INFORMATION_FORMAT = dwarf;
				DEVELOPMENT_TEAM = WC7S9A7PR9;
				ENABLE_STRICT_OBJC_MSGSEND = YES;
				ENABLE_TESTABILITY = YES;
				ENABLE_USER_SCRIPT_SANDBOXING = YES;
				GCC_C_LANGUAGE_STANDARD = gnu17;
				GCC_DYNAMIC_NO_PIC = NO;
				GCC_NO_COMMON_BLOCKS = YES;
				GCC_OPTIMIZATION_LEVEL = 0;
				GCC_PREPROCESSOR_DEFINITIONS = (
					"DEBUG=1",
					"$(inherited)",
				);
				GCC_WARN_64_TO_32_BIT_CONVERSION = YES;
				GCC_WARN_ABOUT_RETURN_TYPE = YES_ERROR;
				GCC_WARN_UNDECLARED_SELECTOR = YES;
				GCC_WARN_UNINITIALIZED_AUTOS = YES_AGGRESSIVE;
				GCC_WARN_UNUSED_FUNCTION = YES;
				GCC_WARN_UNUSED_VARIABLE = YES;
				IPHONEOS_DEPLOYMENT_TARGET = 26.1;
				LOCALIZATION_PREFERS_STRING_CATALOGS = YES;
				MTL_ENABLE_DEBUG_INFO = INCLUDE_SOURCE;
				MTL_FAST_MATH = YES;
				ONLY_ACTIVE_ARCH = YES;
				SDKROOT = iphoneos;
				SWIFT_ACTIVE_COMPILATION_CONDITIONS = "DEBUG $(inherited)";
				SWIFT_OPTIMIZATION_LEVEL = "-Onone";
			};
			name = Debug;
		};
		1E9E5E1C2ED1F4ED009E7310 /* Release */ = {
			isa = XCBuildConfiguration;
			buildSettings = {
				ALWAYS_SEARCH_USER_PATHS = NO;
				ASSETCATALOG_COMPILER_GENERATE_SWIFT_ASSET_SYMBOL_EXTENSIONS = YES;
				CLANG_ANALYZER_NONNULL = YES;
				CLANG_ANALYZER_NUMBER_OBJECT_CONVERSION = YES_AGGRESSIVE;
				CLANG_CXX_LANGUAGE_STANDARD = "gnu++20";
				CLANG_ENABLE_MODULES = YES;
				CLANG_ENABLE_OBJC_ARC = YES;
				CLANG_ENABLE_OBJC_WEAK = YES;
				CLANG_WARN_BLOCK_CAPTURE_AUTORELEASING = YES;
				CLANG_WARN_BOOL_CONVERSION = YES;
				CLANG_WARN_COMMA = YES;
				CLANG_WARN_CONSTANT_CONVERSION = YES;
				CLANG_WARN_DEPRECATED_OBJC_IMPLEMENTATIONS = YES;
				CLANG_WARN_DIRECT_OBJC_ISA_USAGE = YES_ERROR;
				CLANG_WARN_DOCUMENTATION_COMMENTS = YES;
				CLANG_WARN_EMPTY_BODY = YES;
				CLANG_WARN_ENUM_CONVERSION = YES;
				CLANG_WARN_INFINITE_RECURSION = YES;
				CLANG_WARN_INT_CONVERSION = YES;
				CLANG_WARN_NON_LITERAL_NULL_CONVERSION = YES;
				CLANG_WARN_OBJC_IMPLICIT_RETAIN_SELF = YES;
				CLANG_WARN_OBJC_LITERAL_CONVERSION = YES;
				CLANG_WARN_OBJC_ROOT_CLASS = YES_ERROR;
				CLANG_WARN_QUOTED_INCLUDE_IN_FRAMEWORK_HEADER = YES;
				CLANG_WARN_RANGE_LOOP_ANALYSIS = YES;
				CLANG_WARN_STRICT_PROTOTYPES = YES;
				CLANG_WARN_SUSPICIOUS_MOVE = YES;
				CLANG_WARN_UNGUARDED_AVAILABILITY = YES_AGGRESSIVE;
				CLANG_WARN_UNREACHABLE_CODE = YES;
				CLANG_WARN__DUPLICATE_METHOD_MATCH = YES;
				COPY_PHASE_STRIP = NO;
				DEBUG_INFORMATION_FORMAT = "dwarf-with-dsym";
				DEVELOPMENT_TEAM = WC7S9A7PR9;
				ENABLE_NS_ASSERTIONS = NO;
				ENABLE_STRICT_OBJC_MSGSEND = YES;
				ENABLE_USER_SCRIPT_SANDBOXING = YES;
				GCC_C_LANGUAGE_STANDARD = gnu17;
				GCC_NO_COMMON_BLOCKS = YES;
				GCC_WARN_64_TO_32_BIT_CONVERSION = YES;
				GCC_WARN_ABOUT_RETURN_TYPE = YES_ERROR;
				GCC_WARN_UNDECLARED_SELECTOR = YES;
				GCC_WARN_UNINITIALIZED_AUTOS = YES_AGGRESSIVE;
				GCC_WARN_UNUSED_FUNCTION = YES;
				GCC_WARN_UNUSED_VARIABLE = YES;
				IPHONEOS_DEPLOYMENT_TARGET = 26.1;
				LOCALIZATION_PREFERS_STRING_CATALOGS = YES;
				MTL_ENABLE_DEBUG_INFO = NO;
				MTL_FAST_MATH = YES;
				SDKROOT = iphoneos;
				SWIFT_COMPILATION_MODE = wholemodule;
				VALIDATE_PRODUCT = YES;
			};
			name = Release;
		};
		1E9E5E1E2ED1F4ED009E7310 /* Debug */ = {
			isa = XCBuildConfiguration;
			buildSettings = {
				ASSETCATALOG_COMPILER_APPICON_NAME = AppIcon;
				ASSETCATALOG_COMPILER_GLOBAL_ACCENT_COLOR_NAME = AccentColor;
				CODE_SIGN_STYLE = Automatic;
				CURRENT_PROJECT_VERSION = 1;
				DEVELOPMENT_TEAM = WC7S9A7PR9;
				ENABLE_PREVIEWS = YES;
				GENERATE_INFOPLIST_FILE = YES;
				INFOPLIST_KEY_UIApplicationSceneManifest_Generation = YES;
				INFOPLIST_KEY_UIApplicationSupportsIndirectInputEvents = YES;
				INFOPLIST_KEY_UILaunchScreen_Generation = YES;
				INFOPLIST_KEY_UISupportedInterfaceOrientations_iPad = "UIInterfaceOrientationPortrait UIInterfaceOrientationPortraitUpsideDown UIInterfaceOrientationLandscapeLeft UIInterfaceOrientationLandscapeRight";
				INFOPLIST_KEY_UISupportedInterfaceOrientations_iPhone = "UIInterfaceOrientationPortrait UIInterfaceOrientationLandscapeLeft UIInterfaceOrientationLandscapeRight";
				LD_RUNPATH_SEARCH_PATHS = (
					"$(inherited)",
					"@executable_path/Frameworks",
				);
				MARKETING_VERSION = 1.0;
				PRODUCT_BUNDLE_IDENTIFIER = com.askme.Askme;
				PRODUCT_NAME = "$(TARGET_NAME)";
				STRING_CATALOG_GENERATE_SYMBOLS = YES;
				SWIFT_APPROACHABLE_CONCURRENCY = YES;
				SWIFT_DEFAULT_ACTOR_ISOLATION = MainActor;
				SWIFT_EMIT_LOC_STRINGS = YES;
				SWIFT_UPCOMING_FEATURE_MEMBER_IMPORT_VISIBILITY = YES;
				SWIFT_VERSION = 5.0;
				TARGETED_DEVICE_FAMILY = "1,2";
			};
			name = Debug;
		};
		1E9E5E1F2ED1F4ED009E7310 /* Release */ = {
			isa = XCBuildConfiguration;
			buildSettings = {
				ASSETCATALOG_COMPILER_APPICON_NAME = AppIcon;
				ASSETCATALOG_COMPILER_GLOBAL_ACCENT_COLOR_NAME = AccentColor;
				CODE_SIGN_STYLE = Automatic;
				CURRENT_PROJECT_VERSION = 1;
				DEVELOPMENT_TEAM = WC7S9A7PR9;
				ENABLE_PREVIEWS = YES;
				GENERATE_INFOPLIST_FILE = YES;
				INFOPLIST_KEY_UIApplicationSceneManifest_Generation = YES;
				INFOPLIST_KEY_UIApplicationSupportsIndirectInputEvents = YES;
				INFOPLIST_KEY_UILaunchScreen_Generation = YES;
				INFOPLIST_KEY_UISupportedInterfaceOrientations_iPad = "UIInterfaceOrientationPortrait UIInterfaceOrientationPortraitUpsideDown UIInterfaceOrientationLandscapeLeft UIInterfaceOrientationLandscapeRight";
				INFOPLIST_KEY_UISupportedInterfaceOrientations_iPhone = "UIInterfaceOrientationPortrait UIInterfaceOrientationLandscapeLeft UIInterfaceOrientationLandscapeRight";
				LD_RUNPATH_SEARCH_PATHS = (
					"$(inherited)",
					"@executable_path/Frameworks",
				);
				MARKETING_VERSION = 1.0;
				PRODUCT_BUNDLE_IDENTIFIER = com.askme.Askme;
				PRODUCT_NAME = "$(TARGET_NAME)";
				STRING_CATALOG_GENERATE_SYMBOLS = YES;
				SWIFT_APPROACHABLE_CONCURRENCY = YES;
				SWIFT_DEFAULT_ACTOR_ISOLATION = MainActor;
				SWIFT_EMIT_LOC_STRINGS = YES;
				SWIFT_UPCOMING_FEATURE_MEMBER_IMPORT_VISIBILITY = YES;
				SWIFT_VERSION = 5.0;
				TARGETED_DEVICE_FAMILY = "1,2";
			};
			name = Release;
		};
		1E9E5E212ED1F4ED009E7310 /* Debug */ = {
			isa = XCBuildConfiguration;
			buildSettings = {
				BUNDLE_LOADER = "$(TEST_HOST)";
				CODE_SIGN_STYLE = Automatic;
				CURRENT_PROJECT_VERSION = 1;
				DEVELOPMENT_TEAM = WC7S9A7PR9;
				GENERATE_INFOPLIST_FILE = YES;
				IPHONEOS_DEPLOYMENT_TARGET = 26.1;
				MARKETING_VERSION = 1.0;
				PRODUCT_BUNDLE_IDENTIFIER = com.askme.AskmeTests;
				PRODUCT_NAME = "$(TARGET_NAME)";
				STRING_CATALOG_GENERATE_SYMBOLS = NO;
				SWIFT_APPROACHABLE_CONCURRENCY = YES;
				SWIFT_EMIT_LOC_STRINGS = NO;
				SWIFT_UPCOMING_FEATURE_MEMBER_IMPORT_VISIBILITY = YES;
				SWIFT_VERSION = 5.0;
				TARGETED_DEVICE_FAMILY = "1,2";
				TEST_HOST = "$(BUILT_PRODUCTS_DIR)/Askme.app/$(BUNDLE_EXECUTABLE_FOLDER_PATH)/Askme";
			};
			name = Debug;
		};
		1E9E5E222ED1F4ED009E7310 /* Release */ = {
			isa = XCBuildConfiguration;
			buildSettings = {
				BUNDLE_LOADER = "$(TEST_HOST)";
				CODE_SIGN_STYLE = Automatic;
				CURRENT_PROJECT_VERSION = 1;
				DEVELOPMENT_TEAM = WC7S9A7PR9;
				GENERATE_INFOPLIST_FILE = YES;
				IPHONEOS_DEPLOYMENT_TARGET = 26.1;
				MARKETING_VERSION = 1.0;
				PRODUCT_BUNDLE_IDENTIFIER = com.askme.AskmeTests;
				PRODUCT_NAME = "$(TARGET_NAME)";
				STRING_CATALOG_GENERATE_SYMBOLS = NO;
				SWIFT_APPROACHABLE_CONCURRENCY = YES;
				SWIFT_EMIT_LOC_STRINGS = NO;
				SWIFT_UPCOMING_FEATURE_MEMBER_IMPORT_VISIBILITY = YES;
				SWIFT_VERSION = 5.0;
				TARGETED_DEVICE_FAMILY = "1,2";
				TEST_HOST = "$(BUILT_PRODUCTS_DIR)/Askme.app/$(BUNDLE_EXECUTABLE_FOLDER_PATH)/Askme";
			};
			name = Release;
		};
		1E9E5E242ED1F4ED009E7310 /* Debug */ = {
			isa = XCBuildConfiguration;
			buildSettings = {
				CODE_SIGN_STYLE = Automatic;
				CURRENT_PROJECT_VERSION = 1;
				DEVELOPMENT_TEAM = WC7S9A7PR9;
				GENERATE_INFOPLIST_FILE = YES;
				MARKETING_VERSION = 1.0;
				PRODUCT_BUNDLE_IDENTIFIER = com.askme.AskmeUITests;
				PRODUCT_NAME = "$(TARGET_NAME)";
				STRING_CATALOG_GENERATE_SYMBOLS = NO;
				SWIFT_APPROACHABLE_CONCURRENCY = YES;
				SWIFT_EMIT_LOC_STRINGS = NO;
				SWIFT_UPCOMING_FEATURE_MEMBER_IMPORT_VISIBILITY = YES;
				SWIFT_VERSION = 5.0;
				TARGETED_DEVICE_FAMILY = "1,2";
				TEST_TARGET_NAME = Askme;
			};
			name = Debug;
		};
		1E9E5E252ED1F4ED009E7310 /* Release */ = {
			isa = XCBuildConfiguration;
			buildSettings = {
				CODE_SIGN_STYLE = Automatic;
				CURRENT_PROJECT_VERSION = 1;
				DEVELOPMENT_TEAM = WC7S9A7PR9;
				GENERATE_INFOPLIST_FILE = YES;
				MARKETING_VERSION = 1.0;
				PRODUCT_BUNDLE_IDENTIFIER = com.askme.AskmeUITests;
				PRODUCT_NAME = "$(TARGET_NAME)";
				STRING_CATALOG_GENERATE_SYMBOLS = NO;
				SWIFT_APPROACHABLE_CONCURRENCY = YES;
				SWIFT_EMIT_LOC_STRINGS = NO;
				SWIFT_UPCOMING_FEATURE_MEMBER_IMPORT_VISIBILITY = YES;
				SWIFT_VERSION = 5.0;
				TARGETED_DEVICE_FAMILY = "1,2";
				TEST_TARGET_NAME = Askme;
			};
			name = Release;
		};
/* End XCBuildConfiguration section */

/* Begin XCConfigurationList section */
		1E9E5DF72ED1F4EC009E7310 /* Build configuration list for PBXProject "Askme" */ = {
			isa = XCConfigurationList;
			buildConfigurations = (
				1E9E5E1B2ED1F4ED009E7310 /* Debug */,
				1E9E5E1C2ED1F4ED009E7310 /* Release */,
			);
			defaultConfigurationIsVisible = 0;
			defaultConfigurationName = Release;
		};
		1E9E5E1D2ED1F4ED009E7310 /* Build configuration list for PBXNativeTarget "Askme" */ = {
			isa = XCConfigurationList;
			buildConfigurations = (
				1E9E5E1E2ED1F4ED009E7310 /* Debug */,
				1E9E5E1F2ED1F4ED009E7310 /* Release */,
			);
			defaultConfigurationIsVisible = 0;
			defaultConfigurationName = Release;
		};
		1E9E5E202ED1F4ED009E7310 /* Build configuration list for PBXNativeTarget "AskmeTests" */ = {
			isa = XCConfigurationList;
			buildConfigurations = (
				1E9E5E212ED1F4ED009E7310 /* Debug */,
				1E9E5E222ED1F4ED009E7310 /* Release */,
			);
			defaultConfigurationIsVisible = 0;
			defaultConfigurationName = Release;
		};
		1E9E5E232ED1F4ED009E7310 /* Build configuration list for PBXNativeTarget "AskmeUITests" */ = {
			isa = XCConfigurationList;
			buildConfigurations = (
				1E9E5E242ED1F4ED009E7310 /* Debug */,
				1E9E5E252ED1F4ED009E7310 /* Release */,
			);
			defaultConfigurationIsVisible = 0;
			defaultConfigurationName = Release;
		};
/* End XCConfigurationList section */

/* Begin XCRemoteSwiftPackageReference section */
		1E9E5EA82ED1F80B009E7310 /* XCRemoteSwiftPackageReference "CryptoSwift" */ = {
			isa = XCRemoteSwiftPackageReference;
			repositoryURL = "https://github.com/krzyzanowskim/CryptoSwift.git";
			requirement = {
				kind = upToNextMajorVersion;
				minimumVersion = 1.9.0;
			};
		};
		1E9E5F442ED20CAD009E7310 /* XCRemoteSwiftPackageReference "reown-swift" */ = {
			isa = XCRemoteSwiftPackageReference;
			repositoryURL = "https://github.com/reown-com/reown-swift";
			requirement = {
				kind = upToNextMajorVersion;
				minimumVersion = 1.8.0;
			};
		};
/* End XCRemoteSwiftPackageReference section */

/* Begin XCSwiftPackageProductDependency section */
		1E9E5EAA2ED1F898009E7310 /* CryptoSwift */ = {
			isa = XCSwiftPackageProductDependency;
			package = 1E9E5EA82ED1F80B009E7310 /* XCRemoteSwiftPackageReference "CryptoSwift" */;
			productName = CryptoSwift;
		};
		1E9E5F452ED20CAD009E7310 /* ReownAppKit */ = {
			isa = XCSwiftPackageProductDependency;
			package = 1E9E5F442ED20CAD009E7310 /* XCRemoteSwiftPackageReference "reown-swift" */;
			productName = ReownAppKit;
		};
		1E9E5F472ED20CAD009E7310 /* ReownAppKitUI */ = {
			isa = XCSwiftPackageProductDependency;
			package = 1E9E5F442ED20CAD009E7310 /* XCRemoteSwiftPackageReference "reown-swift" */;
			productName = ReownAppKitUI;
		};
		1E9E5F492ED20CAD009E7310 /* ReownRouter */ = {
			isa = XCSwiftPackageProductDependency;
			package = 1E9E5F442ED20CAD009E7310 /* XCRemoteSwiftPackageReference "reown-swift" */;
			productName = ReownRouter;
		};
		1E9E5F4B2ED20CAD009E7310 /* ReownWalletKit */ = {
			isa = XCSwiftPackageProductDependency;
			package = 1E9E5F442ED20CAD009E7310 /* XCRemoteSwiftPackageReference "reown-swift" */;
			productName = ReownWalletKit;
		};
		1E9E5F4D2ED20CAD009E7310 /* WalletConnect */ = {
			isa = XCSwiftPackageProductDependency;
			package = 1E9E5F442ED20CAD009E7310 /* XCRemoteSwiftPackageReference "reown-swift" */;
			productName = WalletConnect;
		};
/* End XCSwiftPackageProductDependency section */
	};
	rootObject = 1E9E5DF42ED1F4EC009E7310 /* Project object */;
}
